PODS:
  - EasyDi (1.6.1)
  - RxSwift (5.1.0)

DEPENDENCIES:
  - EasyDi
  - RxSwift

SPEC REPOS:
  trunk:
    - EasyDi
    - RxSwift

SPEC CHECKSUMS:
  EasyDi: 3d7d4c0d3ad2d78b3ff22d4755590d32945f69cc
  RxSwift: ad5874f24bb0dbffd1e9bb8443604e3578796c7a

PODFILE CHECKSUM: 8f81f2313cb0d96fb21588e742c10539473500e5

COCOAPODS: 1.9.3
